
Microsoft Visual Studio Solution File, Format Version 12.00
# Visual Studio 14
VisualStudioVersion = 14.0.25420.1
MinimumVisualStudioVersion = 10.0.40219.1
Project("{E24C65DC-7377-472B-9ABA-BC803B73C61A}") = "Title.Client", "Title.Client\", "{54EEDCA8-E82A-4971-8FB7-337AC7E49F60}"
	ProjectSection(WebsiteProperties) = preProject
		TargetFrameworkMoniker = ".NETFramework,Version%3Dv4.5.2"
		Debug.AspNetCompiler.VirtualPath = "/localhost_51334"
		Debug.AspNetCompiler.PhysicalPath = "Title.Client\"
		Debug.AspNetCompiler.TargetPath = "PrecompiledWeb\localhost_51334\"
		Debug.AspNetCompiler.Updateable = "true"
		Debug.AspNetCompiler.ForceOverwrite = "true"
		Debug.AspNetCompiler.FixedNames = "false"
		Debug.AspNetCompiler.Debug = "True"
		Release.AspNetCompiler.VirtualPath = "/localhost_51334"
		Release.AspNetCompiler.PhysicalPath = "Title.Client\"
		Release.AspNetCompiler.TargetPath = "PrecompiledWeb\localhost_51334\"
		Release.AspNetCompiler.Updateable = "true"
		Release.AspNetCompiler.ForceOverwrite = "true"
		Release.AspNetCompiler.FixedNames = "false"
		Release.AspNetCompiler.Debug = "False"
		VWDPort = "51334"
		SlnRelativePath = "Title.Client\"
	EndProjectSection
EndProject
Project("{FAE04EC0-301F-11D3-BF4B-00C04F79EFBC}") = "ChallengeTitle.WebApi", "ChallengeTitle.WebApi\ChallengeTitle.WebApi.csproj", "{A68BFE66-9264-4873-AF49-FDDF87EC9A93}"
EndProject
Global
	GlobalSection(SolutionConfigurationPlatforms) = preSolution
		Debug|Any CPU = Debug|Any CPU
		Release|Any CPU = Release|Any CPU
	EndGlobalSection
	GlobalSection(ProjectConfigurationPlatforms) = postSolution
		{54EEDCA8-E82A-4971-8FB7-337AC7E49F60}.Debug|Any CPU.ActiveCfg = Debug|Any CPU
		{54EEDCA8-E82A-4971-8FB7-337AC7E49F60}.Debug|Any CPU.Build.0 = Debug|Any CPU
		{54EEDCA8-E82A-4971-8FB7-337AC7E49F60}.Release|Any CPU.ActiveCfg = Debug|Any CPU
		{54EEDCA8-E82A-4971-8FB7-337AC7E49F60}.Release|Any CPU.Build.0 = Debug|Any CPU
		{A68BFE66-9264-4873-AF49-FDDF87EC9A93}.Debug|Any CPU.ActiveCfg = Debug|Any CPU
		{A68BFE66-9264-4873-AF49-FDDF87EC9A93}.Debug|Any CPU.Build.0 = Debug|Any CPU
		{A68BFE66-9264-4873-AF49-FDDF87EC9A93}.Release|Any CPU.ActiveCfg = Release|Any CPU
		{A68BFE66-9264-4873-AF49-FDDF87EC9A93}.Release|Any CPU.Build.0 = Release|Any CPU
	EndGlobalSection
	GlobalSection(SolutionProperties) = preSolution
		HideSolutionNode = FALSE
	EndGlobalSection
EndGlobal
